
Microsoft Visual Studio Solution File, Format Version 12.00
# Visual Studio Version 16
VisualStudioVersion = 16.0.30011.22
MinimumVisualStudioVersion = 10.0.40219.1
Project("{2150E333-8FDC-42A3-9474-1A3956D46DE8}") = "Application", "Application", "{7AB95417-14A6-48CB-9B87-099A6AA1AEBE}"
EndProject
Project("{2150E333-8FDC-42A3-9474-1A3956D46DE8}") = "Domain", "Domain", "{A361563A-0007-4601-AD73-5DA90022E79A}"
EndProject
Project("{2150E333-8FDC-42A3-9474-1A3956D46DE8}") = "Infra.Data", "Infra.Data", "{4784EB88-9FAC-492B-8FBD-90FEFD148917}"
EndProject
Project("{2150E333-8FDC-42A3-9474-1A3956D46DE8}") = "Infra.IoC", "Infra.IoC", "{1FB76382-33F9-4476-8846-AC20C25A4086}"
EndProject
Project("{2150E333-8FDC-42A3-9474-1A3956D46DE8}") = "Presentation", "Presentation", "{0E48C1EE-2A02-4434-8DE3-CE004BA8ED0E}"
EndProject
Project("{FAE04EC0-301F-11D3-BF4B-00C04F79EFBC}") = "CleanArcMvc", "CleanArcMvc\CleanArcMvc.csproj", "{6FDD3809-00A8-4B8F-BF48-DAAB9B9EF307}"
EndProject
Project("{FAE04EC0-301F-11D3-BF4B-00C04F79EFBC}") = "CleanArch.Domain", "CleanArch.Domain\CleanArch.Domain.csproj", "{732CC195-FB2D-47DA-9CC7-1CE6B3F0895B}"
EndProject
Project("{FAE04EC0-301F-11D3-BF4B-00C04F79EFBC}") = "CleanArch.Infra.Data", "CleanArch.Infra.Data\CleanArch.Infra.Data.csproj", "{E0A70689-4DB5-43D5-A8FE-F43102C4BF19}"
EndProject
Global
	GlobalSection(SolutionConfigurationPlatforms) = preSolution
		Debug|Any CPU = Debug|Any CPU
		Release|Any CPU = Release|Any CPU
	EndGlobalSection
	GlobalSection(ProjectConfigurationPlatforms) = postSolution
		{6FDD3809-00A8-4B8F-BF48-DAAB9B9EF307}.Debug|Any CPU.ActiveCfg = Debug|Any CPU
		{6FDD3809-00A8-4B8F-BF48-DAAB9B9EF307}.Debug|Any CPU.Build.0 = Debug|Any CPU
		{6FDD3809-00A8-4B8F-BF48-DAAB9B9EF307}.Release|Any CPU.ActiveCfg = Release|Any CPU
		{6FDD3809-00A8-4B8F-BF48-DAAB9B9EF307}.Release|Any CPU.Build.0 = Release|Any CPU
		{732CC195-FB2D-47DA-9CC7-1CE6B3F0895B}.Debug|Any CPU.ActiveCfg = Debug|Any CPU
		{732CC195-FB2D-47DA-9CC7-1CE6B3F0895B}.Debug|Any CPU.Build.0 = Debug|Any CPU
		{732CC195-FB2D-47DA-9CC7-1CE6B3F0895B}.Release|Any CPU.ActiveCfg = Release|Any CPU
		{732CC195-FB2D-47DA-9CC7-1CE6B3F0895B}.Release|Any CPU.Build.0 = Release|Any CPU
		{E0A70689-4DB5-43D5-A8FE-F43102C4BF19}.Debug|Any CPU.ActiveCfg = Debug|Any CPU
		{E0A70689-4DB5-43D5-A8FE-F43102C4BF19}.Debug|Any CPU.Build.0 = Debug|Any CPU
		{E0A70689-4DB5-43D5-A8FE-F43102C4BF19}.Release|Any CPU.ActiveCfg = Release|Any CPU
		{E0A70689-4DB5-43D5-A8FE-F43102C4BF19}.Release|Any CPU.Build.0 = Release|Any CPU
	EndGlobalSection
	GlobalSection(SolutionProperties) = preSolution
		HideSolutionNode = FALSE
	EndGlobalSection
	GlobalSection(NestedProjects) = preSolution
		{6FDD3809-00A8-4B8F-BF48-DAAB9B9EF307} = {0E48C1EE-2A02-4434-8DE3-CE004BA8ED0E}
		{732CC195-FB2D-47DA-9CC7-1CE6B3F0895B} = {A361563A-0007-4601-AD73-5DA90022E79A}
		{E0A70689-4DB5-43D5-A8FE-F43102C4BF19} = {4784EB88-9FAC-492B-8FBD-90FEFD148917}
	EndGlobalSection
	GlobalSection(ExtensibilityGlobals) = postSolution
		SolutionGuid = {2978E4ED-43E1-486B-8C0A-8235ADAC992D}
	EndGlobalSection
EndGlobal
